
Microsoft Visual Studio Solution File, Format Version 11.00
# Visual Studio 2010
Project("{FAE04EC0-301F-11D3-BF4B-00C04F79EFBC}") = "Unity.Postprocessing.Runtime", "Unity.Postprocessing.Runtime.csproj", "{7941A4F3-1F98-54B7-B5C6-C0232B7220BF}"
EndProject
Project("{FAE04EC0-301F-11D3-BF4B-00C04F79EFBC}") = "Assembly-CSharp", "Assembly-CSharp.csproj", "{B3673907-7EA6-9FDA-FF83-A6E2F9126953}"
EndProject
Project("{FAE04EC0-301F-11D3-BF4B-00C04F79EFBC}") = "Unity.AssetBundleBrowser.Editor", "Unity.AssetBundleBrowser.Editor.csproj", "{49F2500E-9CDA-F8AF-B74B-010FE976A9F2}"
EndProject
Project("{FAE04EC0-301F-11D3-BF4B-00C04F79EFBC}") = "Assembly-CSharp-Editor", "Assembly-CSharp-Editor.csproj", "{8A67780F-17EC-0AC2-33A3-F79B6055AD0B}"
EndProject
Project("{FAE04EC0-301F-11D3-BF4B-00C04F79EFBC}") = "Unity.AssetBundleBrowser.Editor.Tests", "Unity.AssetBundleBrowser.Editor.Tests.csproj", "{5E508E9F-DA2A-D3DD-89FC-C53F5B99B33C}"
EndProject
Global
	GlobalSection(SolutionConfigurationPlatforms) = preSolution
		Debug|Any CPU = Debug|Any CPU
		Release|Any CPU = Release|Any CPU
	EndGlobalSection
	GlobalSection(ProjectConfigurationPlatforms) = postSolution
		{7941A4F3-1F98-54B7-B5C6-C0232B7220BF}.Debug|Any CPU.ActiveCfg = Debug|Any CPU
		{7941A4F3-1F98-54B7-B5C6-C0232B7220BF}.Debug|Any CPU.Build.0 = Debug|Any CPU
		{7941A4F3-1F98-54B7-B5C6-C0232B7220BF}.Release|Any CPU.ActiveCfg = Release|Any CPU
		{7941A4F3-1F98-54B7-B5C6-C0232B7220BF}.Release|Any CPU.Build.0 = Release|Any CPU
		{B3673907-7EA6-9FDA-FF83-A6E2F9126953}.Debug|Any CPU.ActiveCfg = Debug|Any CPU
		{B3673907-7EA6-9FDA-FF83-A6E2F9126953}.Debug|Any CPU.Build.0 = Debug|Any CPU
		{B3673907-7EA6-9FDA-FF83-A6E2F9126953}.Release|Any CPU.ActiveCfg = Release|Any CPU
		{B3673907-7EA6-9FDA-FF83-A6E2F9126953}.Release|Any CPU.Build.0 = Release|Any CPU
		{49F2500E-9CDA-F8AF-B74B-010FE976A9F2}.Debug|Any CPU.ActiveCfg = Debug|Any CPU
		{49F2500E-9CDA-F8AF-B74B-010FE976A9F2}.Debug|Any CPU.Build.0 = Debug|Any CPU
		{49F2500E-9CDA-F8AF-B74B-010FE976A9F2}.Release|Any CPU.ActiveCfg = Release|Any CPU
		{49F2500E-9CDA-F8AF-B74B-010FE976A9F2}.Release|Any CPU.Build.0 = Release|Any CPU
		{8A67780F-17EC-0AC2-33A3-F79B6055AD0B}.Debug|Any CPU.ActiveCfg = Debug|Any CPU
		{8A67780F-17EC-0AC2-33A3-F79B6055AD0B}.Debug|Any CPU.Build.0 = Debug|Any CPU
		{8A67780F-17EC-0AC2-33A3-F79B6055AD0B}.Release|Any CPU.ActiveCfg = Release|Any CPU
		{8A67780F-17EC-0AC2-33A3-F79B6055AD0B}.Release|Any CPU.Build.0 = Release|Any CPU
		{5E508E9F-DA2A-D3DD-89FC-C53F5B99B33C}.Debug|Any CPU.ActiveCfg = Debug|Any CPU
		{5E508E9F-DA2A-D3DD-89FC-C53F5B99B33C}.Debug|Any CPU.Build.0 = Debug|Any CPU
		{5E508E9F-DA2A-D3DD-89FC-C53F5B99B33C}.Release|Any CPU.ActiveCfg = Release|Any CPU
		{5E508E9F-DA2A-D3DD-89FC-C53F5B99B33C}.Release|Any CPU.Build.0 = Release|Any CPU
	EndGlobalSection
	GlobalSection(SolutionProperties) = preSolution
		HideSolutionNode = FALSE
	EndGlobalSection
EndGlobal
